
Microsoft Visual Studio Solution File, Format Version 12.00
# Visual Studio 15
VisualStudioVersion = 15.0.27004.2002
MinimumVisualStudioVersion = 10.0.40219.1
Project("{A0786B88-2ADB-4C21-ABE8-AA2D79766269}") = "Project", "Project\Project.phpproj", "{D3E02208-0A66-4AA3-83BE-3FF191EBD308}"
EndProject
Global
	GlobalSection(SolutionConfigurationPlatforms) = preSolution
		Debug|Any CPU = Debug|Any CPU
		Release|Any CPU = Release|Any CPU
	EndGlobalSection
	GlobalSection(ProjectConfigurationPlatforms) = postSolution
		{D3E02208-0A66-4AA3-83BE-3FF191EBD308}.Debug|Any CPU.ActiveCfg = Debug|Any CPU
		{D3E02208-0A66-4AA3-83BE-3FF191EBD308}.Release|Any CPU.ActiveCfg = Release|Any CPU
	EndGlobalSection
	GlobalSection(SolutionProperties) = preSolution
		HideSolutionNode = FALSE
	EndGlobalSection
	GlobalSection(ExtensibilityGlobals) = postSolution
		SolutionGuid = {F3EF9A07-2FD3-4DF0-8947-C2D090248796}
	EndGlobalSection
EndGlobal
